PODS:
  - AWSAppSync (2.13.1):
    - AWSCore (~> 2.9.0)
    - ReachabilitySwift (= 4.3.0)
    - SQLite.swift (= 0.11.6)
  - AWSCore (2.9.10)
  - iosPoc (0.1.0):
    - AWSAppSync
    - URLImage
  - Nimble (7.3.4)
  - Quick (1.2.0)
  - ReachabilitySwift (4.3.0)
  - SQLite.swift (0.11.6):
    - SQLite.swift/standard (= 0.11.6)
  - SQLite.swift/standard (0.11.6)
  - URLImage (0.9.15)

DEPENDENCIES:
  - AWSAppSync (~> 2.13.1)
  - iosPoc (from `../`)
  - Nimble (~> 7.0)
  - Quick (~> 1.2.0)
  - URLImage (~> 0.9.15)

SPEC REPOS:
  trunk:
    - AWSAppSync
    - AWSCore
    - Nimble
    - Quick
    - ReachabilitySwift
    - SQLite.swift
    - URLImage

EXTERNAL SOURCES:
  iosPoc:
    :path: "../"

SPEC CHECKSUMS:
  AWSAppSync: 6dd42e4c25ff01cfa652392bdc080bb9ec2b6d5f
  AWSCore: 22b6bbc6761ca9981d878155d11bc02edd681a64
  iosPoc: c4c06d8a14d7eb8f36fa069b20d033128b6f4b3e
  Nimble: 051e3d8912d40138fa5591c78594f95fb172af37
  Quick: 58d203b1c5e27fff7229c4c1ae445ad7069a7a08
  ReachabilitySwift: 408477d1b6ed9779dba301953171e017c31241f3
  SQLite.swift: 46d890be8601964454bd3392527f863d1b802d45
  URLImage: 1adef9b81f071fc2fc13a1a87ff882c0a694d48b

PODFILE CHECKSUM: d440157cb6713e7f5a46825bb606d8189ef8f6f1

COCOAPODS: 1.9.1
